
Microsoft Visual Studio Solution File, Format Version 12.00
# Visual Studio Version 16
VisualStudioVersion = 16.0.29806.167
MinimumVisualStudioVersion = 10.0.40219.1
Project("{FAE04EC0-301F-11D3-BF4B-00C04F79EFBC}") = "PathCreator", "PathCreator.csproj", "{951250F0-77C1-2538-BE70-F7A71A4DD434}"
EndProject
Project("{FAE04EC0-301F-11D3-BF4B-00C04F79EFBC}") = "Assembly-CSharp", "Assembly-CSharp.csproj", "{AF1C2ABC-4187-C86E-139C-ED2F50B60141}"
EndProject
Project("{FAE04EC0-301F-11D3-BF4B-00C04F79EFBC}") = "PathCreatorEditor", "PathCreatorEditor.csproj", "{A14297E9-1F41-3D62-7147-8FE53433C209}"
EndProject
Global
	GlobalSection(SolutionConfigurationPlatforms) = preSolution
		Debug|Any CPU = Debug|Any CPU
		Release|Any CPU = Release|Any CPU
	EndGlobalSection
	GlobalSection(ProjectConfigurationPlatforms) = postSolution
		{951250F0-77C1-2538-BE70-F7A71A4DD434}.Debug|Any CPU.ActiveCfg = Debug|Any CPU
		{951250F0-77C1-2538-BE70-F7A71A4DD434}.Debug|Any CPU.Build.0 = Debug|Any CPU
		{951250F0-77C1-2538-BE70-F7A71A4DD434}.Release|Any CPU.ActiveCfg = Release|Any CPU
		{951250F0-77C1-2538-BE70-F7A71A4DD434}.Release|Any CPU.Build.0 = Release|Any CPU
		{AF1C2ABC-4187-C86E-139C-ED2F50B60141}.Debug|Any CPU.ActiveCfg = Debug|Any CPU
		{AF1C2ABC-4187-C86E-139C-ED2F50B60141}.Debug|Any CPU.Build.0 = Debug|Any CPU
		{AF1C2ABC-4187-C86E-139C-ED2F50B60141}.Release|Any CPU.ActiveCfg = Release|Any CPU
		{AF1C2ABC-4187-C86E-139C-ED2F50B60141}.Release|Any CPU.Build.0 = Release|Any CPU
		{A14297E9-1F41-3D62-7147-8FE53433C209}.Debug|Any CPU.ActiveCfg = Debug|Any CPU
		{A14297E9-1F41-3D62-7147-8FE53433C209}.Debug|Any CPU.Build.0 = Debug|Any CPU
		{A14297E9-1F41-3D62-7147-8FE53433C209}.Release|Any CPU.ActiveCfg = Release|Any CPU
		{A14297E9-1F41-3D62-7147-8FE53433C209}.Release|Any CPU.Build.0 = Release|Any CPU
	EndGlobalSection
	GlobalSection(SolutionProperties) = preSolution
		HideSolutionNode = FALSE
	EndGlobalSection
	GlobalSection(ExtensibilityGlobals) = postSolution
		SolutionGuid = {4EEACE04-253E-469C-AEDA-A3F4B51A7012}
	EndGlobalSection
EndGlobal
