
Microsoft Visual Studio Solution File, Format Version 12.00
# Visual Studio 15
Project("{FAE04EC0-301F-11D3-BF4B-00C04F79EFBC}") = "PathCreator", "PathCreator.csproj", "{4EBA384D-5500-E980-BCC3-80BC499242CE}"
EndProject
Project("{FAE04EC0-301F-11D3-BF4B-00C04F79EFBC}") = "Assembly-CSharp", "Assembly-CSharp.csproj", "{2C7496DD-45E4-8519-D28B-CCC09305FAA5}"
EndProject
Project("{FAE04EC0-301F-11D3-BF4B-00C04F79EFBC}") = "PathCreatorEditor", "PathCreatorEditor.csproj", "{5E3D41BF-ED01-CB85-341C-FCE421644BEE}"
EndProject
Global
	GlobalSection(SolutionConfigurationPlatforms) = preSolution
		Debug|Any CPU = Debug|Any CPU
		Release|Any CPU = Release|Any CPU
	EndGlobalSection
	GlobalSection(ProjectConfigurationPlatforms) = postSolution
		{4EBA384D-5500-E980-BCC3-80BC499242CE}.Debug|Any CPU.ActiveCfg = Debug|Any CPU
		{4EBA384D-5500-E980-BCC3-80BC499242CE}.Debug|Any CPU.Build.0 = Debug|Any CPU
		{4EBA384D-5500-E980-BCC3-80BC499242CE}.Release|Any CPU.ActiveCfg = Release|Any CPU
		{4EBA384D-5500-E980-BCC3-80BC499242CE}.Release|Any CPU.Build.0 = Release|Any CPU
		{2C7496DD-45E4-8519-D28B-CCC09305FAA5}.Debug|Any CPU.ActiveCfg = Debug|Any CPU
		{2C7496DD-45E4-8519-D28B-CCC09305FAA5}.Debug|Any CPU.Build.0 = Debug|Any CPU
		{2C7496DD-45E4-8519-D28B-CCC09305FAA5}.Release|Any CPU.ActiveCfg = Release|Any CPU
		{2C7496DD-45E4-8519-D28B-CCC09305FAA5}.Release|Any CPU.Build.0 = Release|Any CPU
		{5E3D41BF-ED01-CB85-341C-FCE421644BEE}.Debug|Any CPU.ActiveCfg = Debug|Any CPU
		{5E3D41BF-ED01-CB85-341C-FCE421644BEE}.Debug|Any CPU.Build.0 = Debug|Any CPU
		{5E3D41BF-ED01-CB85-341C-FCE421644BEE}.Release|Any CPU.ActiveCfg = Release|Any CPU
		{5E3D41BF-ED01-CB85-341C-FCE421644BEE}.Release|Any CPU.Build.0 = Release|Any CPU
	EndGlobalSection
	GlobalSection(SolutionProperties) = preSolution
		HideSolutionNode = FALSE
	EndGlobalSection
EndGlobal
