
Microsoft Visual Studio Solution File, Format Version 11.00
# Visual Studio 2010
Project("{FAE04EC0-301F-11D3-BF4B-00C04F79EFBC}") = "PathCreator", "PathCreator.csproj", "{BF5FF9CA-5E23-08E9-C0FD-EC98A9CC2819}"
EndProject
Project("{FAE04EC0-301F-11D3-BF4B-00C04F79EFBC}") = "Assembly-CSharp", "Assembly-CSharp.csproj", "{28CF11C2-E0E8-A881-FAFC-54BE081AD7EA}"
EndProject
Project("{FAE04EC0-301F-11D3-BF4B-00C04F79EFBC}") = "PathCreatorEditor", "PathCreatorEditor.csproj", "{C4092B70-7671-479C-B494-C9E25687D9A4}"
EndProject
Global
	GlobalSection(SolutionConfigurationPlatforms) = preSolution
		Debug|Any CPU = Debug|Any CPU
		Release|Any CPU = Release|Any CPU
	EndGlobalSection
	GlobalSection(ProjectConfigurationPlatforms) = postSolution
		{BF5FF9CA-5E23-08E9-C0FD-EC98A9CC2819}.Debug|Any CPU.ActiveCfg = Debug|Any CPU
		{BF5FF9CA-5E23-08E9-C0FD-EC98A9CC2819}.Debug|Any CPU.Build.0 = Debug|Any CPU
		{BF5FF9CA-5E23-08E9-C0FD-EC98A9CC2819}.Release|Any CPU.ActiveCfg = Release|Any CPU
		{BF5FF9CA-5E23-08E9-C0FD-EC98A9CC2819}.Release|Any CPU.Build.0 = Release|Any CPU
		{28CF11C2-E0E8-A881-FAFC-54BE081AD7EA}.Debug|Any CPU.ActiveCfg = Debug|Any CPU
		{28CF11C2-E0E8-A881-FAFC-54BE081AD7EA}.Debug|Any CPU.Build.0 = Debug|Any CPU
		{28CF11C2-E0E8-A881-FAFC-54BE081AD7EA}.Release|Any CPU.ActiveCfg = Release|Any CPU
		{28CF11C2-E0E8-A881-FAFC-54BE081AD7EA}.Release|Any CPU.Build.0 = Release|Any CPU
		{C4092B70-7671-479C-B494-C9E25687D9A4}.Debug|Any CPU.ActiveCfg = Debug|Any CPU
		{C4092B70-7671-479C-B494-C9E25687D9A4}.Debug|Any CPU.Build.0 = Debug|Any CPU
		{C4092B70-7671-479C-B494-C9E25687D9A4}.Release|Any CPU.ActiveCfg = Release|Any CPU
		{C4092B70-7671-479C-B494-C9E25687D9A4}.Release|Any CPU.Build.0 = Release|Any CPU
	EndGlobalSection
	GlobalSection(SolutionProperties) = preSolution
		HideSolutionNode = FALSE
	EndGlobalSection
EndGlobal
